// !$*UTF8*$!
{
	archiveVersion = 1;
	classes = {
	};
	objectVersion = 50;
	objects = {

/* Begin PBXBuildFile section */
		CA4BDF6623E9054900EBABFB /* AppDelegate.swift in Sources */ = {isa = PBXBuildFile; fileRef = CA4BDF6523E9054900EBABFB /* AppDelegate.swift */; };
		CA4BDF6823E9054900EBABFB /* SceneDelegate.swift in Sources */ = {isa = PBXBuildFile; fileRef = CA4BDF6723E9054900EBABFB /* SceneDelegate.swift */; };
		CA4BDF6A23E9054900EBABFB /* ViewController.swift in Sources */ = {isa = PBXBuildFile; fileRef = CA4BDF6923E9054900EBABFB /* ViewController.swift */; };
		CA4BDF6D23E9054900EBABFB /* Main.storyboard in Resources */ = {isa = PBXBuildFile; fileRef = CA4BDF6B23E9054900EBABFB /* Main.storyboard */; };
		CA4BDF6F23E9054B00EBABFB /* Assets.xcassets in Resources */ = {isa = PBXBuildFile; fileRef = CA4BDF6E23E9054B00EBABFB /* Assets.xcassets */; };
		CA4BDF7223E9054B00EBABFB /* LaunchScreen.storyboard in Resources */ = {isa = PBXBuildFile; fileRef = CA4BDF7023E9054B00EBABFB /* LaunchScreen.storyboard */; };
/* End PBXBuildFile section */

/* Begin PBXFileReference section */
		CA4BDF6223E9054900EBABFB /* AlphaProjectAuth.app */ = {isa = PBXFileReference; explicitFileType = wrapper.application; includeInIndex = 0; path = AlphaProjectAuth.app; sourceTree = BUILT_PRODUCTS_DIR; };
		CA4BDF6523E9054900EBABFB /* AppDelegate.swift */ = {isa = PBXFileReference; lastKnownFileType = sourcecode.swift; path = AppDelegate.swift; sourceTree = "<group>"; };
		CA4BDF6723E9054900EBABFB /* SceneDelegate.swift */ = {isa = PBXFileReference; lastKnownFileType = sourcecode.swift; path = SceneDelegate.swift; sourceTree = "<group>"; };
		CA4BDF6923E9054900EBABFB /* ViewController.swift */ = {isa = PBXFileReference; lastKnownFileType = sourcecode.swift; path = ViewController.swift; sourceTree = "<group>"; };
		CA4BDF6C23E9054900EBABFB /* Base */ = {isa = PBXFileReference; lastKnownFileType = file.storyboard; name = Base; path = Base.lproj/Main.storyboard; sourceTree = "<group>"; };
		CA4BDF6E23E9054B00EBABFB /* Assets.xcassets */ = {isa = PBXFileReference; lastKnownFileType = folder.assetcatalog; path = Assets.xcassets; sourceTree = "<group>"; };
		CA4BDF7123E9054B00EBABFB /* Base */ = {isa = PBXFileReference; lastKnownFileType = file.storyboard; name = Base; path = Base.lproj/LaunchScreen.storyboard; sourceTree = "<group>"; };
		CA4BDF7323E9054B00EBABFB /* Info.plist */ = {isa = PBXFileReference; lastKnownFileType = text.plist.xml; path = Info.plist; sourceTree = "<group>"; };
/* End PBXFileReference section */

/* Begin PBXFrameworksBuildPhase section */
		CA4BDF5F23E9054900EBABFB /* Frameworks */ = {
			isa = PBXFrameworksBuildPhase;
			buildActionMask = 2147483647;
			files = (
			);
			runOnlyForDeploymentPostprocessing = 0;
		};
/* End PBXFrameworksBuildPhase section */

/* Begin PBXGroup section */
		CA4BDF5923E9054900EBABFB = {
			isa = PBXGroup;
			children = (
				CA4BDF6423E9054900EBABFB /* AlphaProjectAuth */,
				CA4BDF6323E9054900EBABFB /* Products */,
			);
			sourceTree = "<group>";
		};
		CA4BDF6323E9054900EBABFB /* Products */ = {
			isa = PBXGroup;
			children = (
				CA4BDF6223E9054900EBABFB /* AlphaProjectAuth.app */,
			);
			name = Products;
			sourceTree = "<group>";
		};
		CA4BDF6423E9054900EBABFB /* AlphaProjectAuth */ = {
			isa = PBXGroup;
			children = (
				CA4BDF6523E9054900EBABFB /* AppDelegate.swift */,
				CA4BDF6723E9054900EBABFB /* SceneDelegate.swift */,
				CA4BDF6923E9054900EBABFB /* ViewController.swift */,
				CA4BDF6B23E9054900EBABFB /* Main.storyboard */,
				CA4BDF6E23E9054B00EBABFB /* Assets.xcassets */,
				CA4BDF7023E9054B00EBABFB /* LaunchScreen.storyboard */,
				CA4BDF7323E9054B00EBABFB /* Info.plist */,
			);
			path = AlphaProjectAuth;
			sourceTree = "<group>";
		};
/* End PBXGroup section */

/* Begin PBXNativeTarget section */
		CA4BDF6123E9054900EBABFB /* AlphaProjectAuth */ = {
			isa = PBXNativeTarget;
			buildConfigurationList = CA4BDF7623E9054B00EBABFB /* Build configuration list for PBXNativeTarget "AlphaProjectAuth" */;
			buildPhases = (
				CA4BDF5E23E9054900EBABFB /* Sources */,
				CA4BDF5F23E9054900EBABFB /* Frameworks */,
				CA4BDF6023E9054900EBABFB /* Resources */,
			);
			buildRules = (
			);
			dependencies = (
			);
			name = AlphaProjectAuth;
			productName = AlphaProjectAuth;
			productReference = CA4BDF6223E9054900EBABFB /* AlphaProjectAuth.app */;
			productType = "com.apple.product-type.application";
		};
/* End PBXNativeTarget section */

/* Begin PBXProject section */
		CA4BDF5A23E9054900EBABFB /* Project object */ = {
			isa = PBXProject;
			attributes = {
				LastSwiftUpdateCheck = 1130;
				LastUpgradeCheck = 1130;
				ORGANIZATIONNAME = devming;
				TargetAttributes = {
					CA4BDF6123E9054900EBABFB = {
						CreatedOnToolsVersion = 11.3.1;
					};
				};
			};
			buildConfigurationList = CA4BDF5D23E9054900EBABFB /* Build configuration list for PBXProject "AlphaProjectAuth" */;
			compatibilityVersion = "Xcode 9.3";
			developmentRegion = en;
			hasScannedForEncodings = 0;
			knownRegions = (
				en,
				Base,
			);
			mainGroup = CA4BDF5923E9054900EBABFB;
			productRefGroup = CA4BDF6323E9054900EBABFB /* Products */;
			projectDirPath = "";
			projectRoot = "";
			targets = (
				CA4BDF6123E9054900EBABFB /* AlphaProjectAuth */,
			);
		};
/* End PBXProject section */

/* Begin PBXResourcesBuildPhase section */
		CA4BDF6023E9054900EBABFB /* Resources */ = {
			isa = PBXResourcesBuildPhase;
			buildActionMask = 2147483647;
			files = (
				CA4BDF7223E9054B00EBABFB /* LaunchScreen.storyboard in Resources */,
				CA4BDF6F23E9054B00EBABFB /* Assets.xcassets in Resources */,
				CA4BDF6D23E9054900EBABFB /* Main.storyboard in Resources */,
			);
			runOnlyForDeploymentPostprocessing = 0;
		};
/* End PBXResourcesBuildPhase section */

/* Begin PBXSourcesBuildPhase section */
		CA4BDF5E23E9054900EBABFB /* Sources */ = {
			isa = PBXSourcesBuildPhase;
			buildActionMask = 2147483647;
			files = (
				CA4BDF6A23E9054900EBABFB /* ViewController.swift in Sources */,
				CA4BDF6623E9054900EBABFB /* AppDelegate.swift in Sources */,
				CA4BDF6823E9054900EBABFB /* SceneDelegate.swift in Sources */,
			);
			runOnlyForDeploymentPostprocessing = 0;
		};
/* End PBXSourcesBuildPhase section */

/* Begin PBXVariantGroup section */
		CA4BDF6B23E9054900EBABFB /* Main.storyboard */ = {
			isa = PBXVariantGroup;
			children = (
				CA4BDF6C23E9054900EBABFB /* Base */,
			);
			name = Main.storyboard;
			sourceTree = "<group>";
		};
		CA4BDF7023E9054B00EBABFB /* LaunchScreen.storyboard */ = {
			isa = PBXVariantGroup;
			children = (
				CA4BDF7123E9054B00EBABFB /* Base */,
			);
			name = LaunchScreen.storyboard;
			sourceTree = "<group>";
		};
/* End PBXVariantGroup section */

/* Begin XCBuildConfiguration section */
		CA4BDF7423E9054B00EBABFB /* Debug */ = {
			isa = XCBuildConfiguration;
			buildSettings = {
				ALWAYS_SEARCH_USER_PATHS = NO;
				CLANG_ANALYZER_NONNULL = YES;
				CLANG_ANALYZER_NUMBER_OBJECT_CONVERSION = YES_AGGRESSIVE;
				CLANG_CXX_LANGUAGE_STANDARD = "gnu++14";
				CLANG_CXX_LIBRARY = "libc++";
				CLANG_ENABLE_MODULES = YES;
				CLANG_ENABLE_OBJC_ARC = YES;
				CLANG_ENABLE_OBJC_WEAK = YES;
				CLANG_WARN_BLOCK_CAPTURE_AUTORELEASING = YES;
				CLANG_WARN_BOOL_CONVERSION = YES;
				CLANG_WARN_COMMA = YES;
				CLANG_WARN_CONSTANT_CONVERSION = YES;
				CLANG_WARN_DEPRECATED_OBJC_IMPLEMENTATIONS = YES;
				CLANG_WARN_DIRECT_OBJC_ISA_USAGE = YES_ERROR;
				CLANG_WARN_DOCUMENTATION_COMMENTS = YES;
				CLANG_WARN_EMPTY_BODY = YES;
				CLANG_WARN_ENUM_CONVERSION = YES;
				CLANG_WARN_INFINITE_RECURSION = YES;
				CLANG_WARN_INT_CONVERSION = YES;
				CLANG_WARN_NON_LITERAL_NULL_CONVERSION = YES;
				CLANG_WARN_OBJC_IMPLICIT_RETAIN_SELF = YES;
				CLANG_WARN_OBJC_LITERAL_CONVERSION = YES;
				CLANG_WARN_OBJC_ROOT_CLASS = YES_ERROR;
				CLANG_WARN_RANGE_LOOP_ANALYSIS = YES;
				CLANG_WARN_STRICT_PROTOTYPES = YES;
				CLANG_WARN_SUSPICIOUS_MOVE = YES;
				CLANG_WARN_UNGUARDED_AVAILABILITY = YES_AGGRESSIVE;
				CLANG_WARN_UNREACHABLE_CODE = YES;
				CLANG_WARN__DUPLICATE_METHOD_MATCH = YES;
				COPY_PHASE_STRIP = NO;
				DEBUG_INFORMATION_FORMAT = dwarf;
				ENABLE_STRICT_OBJC_MSGSEND = YES;
				ENABLE_TESTABILITY = YES;
				GCC_C_LANGUAGE_STANDARD = gnu11;
				GCC_DYNAMIC_NO_PIC = NO;
				GCC_NO_COMMON_BLOCKS = YES;
				GCC_OPTIMIZATION_LEVEL = 0;
				GCC_PREPROCESSOR_DEFINITIONS = (
					"DEBUG=1",
					"$(inherited)",
				);
				GCC_WARN_64_TO_32_BIT_CONVERSION = YES;
				GCC_WARN_ABOUT_RETURN_TYPE = YES_ERROR;
				GCC_WARN_UNDECLARED_SELECTOR = YES;
				GCC_WARN_UNINITIALIZED_AUTOS = YES_AGGRESSIVE;
				GCC_WARN_UNUSED_FUNCTION = YES;
				GCC_WARN_UNUSED_VARIABLE = YES;
				IPHONEOS_DEPLOYMENT_TARGET = 13.2;
				MTL_ENABLE_DEBUG_INFO = INCLUDE_SOURCE;
				MTL_FAST_MATH = YES;
				ONLY_ACTIVE_ARCH = YES;
				SDKROOT = iphoneos;
				SWIFT_ACTIVE_COMPILATION_CONDITIONS = DEBUG;
				SWIFT_OPTIMIZATION_LEVEL = "-Onone";
			};
			name = Debug;
		};
		CA4BDF7523E9054B00EBABFB /* Release */ = {
			isa = XCBuildConfiguration;
			buildSettings = {
				ALWAYS_SEARCH_USER_PATHS = NO;
				CLANG_ANALYZER_NONNULL = YES;
				CLANG_ANALYZER_NUMBER_OBJECT_CONVERSION = YES_AGGRESSIVE;
				CLANG_CXX_LANGUAGE_STANDARD = "gnu++14";
				CLANG_CXX_LIBRARY = "libc++";
				CLANG_ENABLE_MODULES = YES;
				CLANG_ENABLE_OBJC_ARC = YES;
				CLANG_ENABLE_OBJC_WEAK = YES;
				CLANG_WARN_BLOCK_CAPTURE_AUTORELEASING = YES;
				CLANG_WARN_BOOL_CONVERSION = YES;
				CLANG_WARN_COMMA = YES;
				CLANG_WARN_CONSTANT_CONVERSION = YES;
				CLANG_WARN_DEPRECATED_OBJC_IMPLEMENTATIONS = YES;
				CLANG_WARN_DIRECT_OBJC_ISA_USAGE = YES_ERROR;
				CLANG_WARN_DOCUMENTATION_COMMENTS = YES;
				CLANG_WARN_EMPTY_BODY = YES;
				CLANG_WARN_ENUM_CONVERSION = YES;
				CLANG_WARN_INFINITE_RECURSION = YES;
				CLANG_WARN_INT_CONVERSION = YES;
				CLANG_WARN_NON_LITERAL_NULL_CONVERSION = YES;
				CLANG_WARN_OBJC_IMPLICIT_RETAIN_SELF = YES;
				CLANG_WARN_OBJC_LITERAL_CONVERSION = YES;
				CLANG_WARN_OBJC_ROOT_CLASS = YES_ERROR;
				CLANG_WARN_RANGE_LOOP_ANALYSIS = YES;
				CLANG_WARN_STRICT_PROTOTYPES = YES;
				CLANG_WARN_SUSPICIOUS_MOVE = YES;
				CLANG_WARN_UNGUARDED_AVAILABILITY = YES_AGGRESSIVE;
				CLANG_WARN_UNREACHABLE_CODE = YES;
				CLANG_WARN__DUPLICATE_METHOD_MATCH = YES;
				COPY_PHASE_STRIP = NO;
				DEBUG_INFORMATION_FORMAT = "dwarf-with-dsym";
				ENABLE_NS_ASSERTIONS = NO;
				ENABLE_STRICT_OBJC_MSGSEND = YES;
				GCC_C_LANGUAGE_STANDARD = gnu11;
				GCC_NO_COMMON_BLOCKS = YES;
				GCC_WARN_64_TO_32_BIT_CONVERSION = YES;
				GCC_WARN_ABOUT_RETURN_TYPE = YES_ERROR;
				GCC_WARN_UNDECLARED_SELECTOR = YES;
				GCC_WARN_UNINITIALIZED_AUTOS = YES_AGGRESSIVE;
				GCC_WARN_UNUSED_FUNCTION = YES;
				GCC_WARN_UNUSED_VARIABLE = YES;
				IPHONEOS_DEPLOYMENT_TARGET = 13.2;
				MTL_ENABLE_DEBUG_INFO = NO;
				MTL_FAST_MATH = YES;
				SDKROOT = iphoneos;
				SWIFT_COMPILATION_MODE = wholemodule;
				SWIFT_OPTIMIZATION_LEVEL = "-O";
				VALIDATE_PRODUCT = YES;
			};
			name = Release;
		};
		CA4BDF7723E9054B00EBABFB /* Debug */ = {
			isa = XCBuildConfiguration;
			buildSettings = {
				ASSETCATALOG_COMPILER_APPICON_NAME = AppIcon;
				CODE_SIGN_STYLE = Automatic;
				DEVELOPMENT_TEAM = HGQ9YZ4HTR;
				INFOPLIST_FILE = AlphaProjectAuth/Info.plist;
				LD_RUNPATH_SEARCH_PATHS = (
					"$(inherited)",
					"@executable_path/Frameworks",
				);
				PRODUCT_BUNDLE_IDENTIFIER = com.devming.AlphaProjectAuth;
				PRODUCT_NAME = "$(TARGET_NAME)";
				SWIFT_VERSION = 5.0;
				TARGETED_DEVICE_FAMILY = "1,2";
			};
			name = Debug;
		};
		CA4BDF7823E9054B00EBABFB /* Release */ = {
			isa = XCBuildConfiguration;
			buildSettings = {
				ASSETCATALOG_COMPILER_APPICON_NAME = AppIcon;
				CODE_SIGN_STYLE = Automatic;
				DEVELOPMENT_TEAM = HGQ9YZ4HTR;
				INFOPLIST_FILE = AlphaProjectAuth/Info.plist;
				LD_RUNPATH_SEARCH_PATHS = (
					"$(inherited)",
					"@executable_path/Frameworks",
				);
				PRODUCT_BUNDLE_IDENTIFIER = com.devming.AlphaProjectAuth;
				PRODUCT_NAME = "$(TARGET_NAME)";
				SWIFT_VERSION = 5.0;
				TARGETED_DEVICE_FAMILY = "1,2";
			};
			name = Release;
		};
/* End XCBuildConfiguration section */

/* Begin XCConfigurationList section */
		CA4BDF5D23E9054900EBABFB /* Build configuration list for PBXProject "AlphaProjectAuth" */ = {
			isa = XCConfigurationList;
			buildConfigurations = (
				CA4BDF7423E9054B00EBABFB /* Debug */,
				CA4BDF7523E9054B00EBABFB /* Release */,
			);
			defaultConfigurationIsVisible = 0;
			defaultConfigurationName = Release;
		};
		CA4BDF7623E9054B00EBABFB /* Build configuration list for PBXNativeTarget "AlphaProjectAuth" */ = {
			isa = XCConfigurationList;
			buildConfigurations = (
				CA4BDF7723E9054B00EBABFB /* Debug */,
				CA4BDF7823E9054B00EBABFB /* Release */,
			);
			defaultConfigurationIsVisible = 0;
			defaultConfigurationName = Release;
		};
/* End XCConfigurationList section */
	};
	rootObject = CA4BDF5A23E9054900EBABFB /* Project object */;
}
